// !$*UTF8*$!
{
	archiveVersion = 1;
	classes = {
	};
	objectVersion = 48;
	objects = {

/* Begin PBXBuildFile section */
		1C1270731FA6FD3A00B8D281 /* Animation.m in Sources */ = {isa = PBXBuildFile; fileRef = 1C1270721FA6FD3A00B8D281 /* Animation.m */; };
		1C1593971FA6241C00E4771E /* RegistrationViewModel.m in Sources */ = {isa = PBXBuildFile; fileRef = 1C1593961FA6241C00E4771E /* RegistrationViewModel.m */; };
		1C15939A1FA6261300E4771E /* IndexViewController.m in Sources */ = {isa = PBXBuildFile; fileRef = 1C1593991FA6261300E4771E /* IndexViewController.m */; };
		1C2BCC821FAB020E00FFBB38 /* InfoPlist.strings in Resources */ = {isa = PBXBuildFile; fileRef = 1C2BCC801FAB020E00FFBB38 /* InfoPlist.strings */; };
		1C2BCC8E1FAB23AE00FFBB38 /* DataManager.m in Sources */ = {isa = PBXBuildFile; fileRef = 1C2BCC8D1FAB23AE00FFBB38 /* DataManager.m */; };
		1C2BCC941FAB2A7600FFBB38 /* LoginViewModel.m in Sources */ = {isa = PBXBuildFile; fileRef = 1C2BCC931FAB2A7600FFBB38 /* LoginViewModel.m */; };
		1CD8F97F1FA350E900B96F8E /* AppDelegate.m in Sources */ = {isa = PBXBuildFile; fileRef = 1CD8F9791FA350E900B96F8E /* AppDelegate.m */; };
		1CD8F9891FA350F500B96F8E /* Assets.xcassets in Resources */ = {isa = PBXBuildFile; fileRef = 1CD8F9831FA350F500B96F8E /* Assets.xcassets */; };
		1CD8F98A1FA350F500B96F8E /* LaunchScreen.storyboard in Resources */ = {isa = PBXBuildFile; fileRef = 1CD8F9851FA350F500B96F8E /* LaunchScreen.storyboard */; };
		1CD8F98B1FA350F500B96F8E /* Main.storyboard in Resources */ = {isa = PBXBuildFile; fileRef = 1CD8F9871FA350F500B96F8E /* Main.storyboard */; };
		1CD8F9921FA3617100B96F8E /* RegistrationStyle1ViewController.m in Sources */ = {isa = PBXBuildFile; fileRef = 1CD8F9911FA3617100B96F8E /* RegistrationStyle1ViewController.m */; };
		1CD8F9951FA361CE00B96F8E /* TextWithLabelCell.m in Sources */ = {isa = PBXBuildFile; fileRef = 1CD8F9941FA361CE00B96F8E /* TextWithLabelCell.m */; };
		1CD8F9981FA363D300B96F8E /* Custom.json in Resources */ = {isa = PBXBuildFile; fileRef = 1CD8F9971FA363D300B96F8E /* Custom.json */; };
		1CD8F99B1FA5A64B00B96F8E /* RegistrationModel.m in Sources */ = {isa = PBXBuildFile; fileRef = 1CD8F99A1FA5A64B00B96F8E /* RegistrationModel.m */; };
		1CDD46061FA0B12800D29679 /* main.m in Sources */ = {isa = PBXBuildFile; fileRef = 1CDD46051FA0B12800D29679 /* main.m */; };
		1CF0999A1FA9D11D003B62FF /* LoginViewController.m in Sources */ = {isa = PBXBuildFile; fileRef = 1CF099991FA9D11D003B62FF /* LoginViewController.m */; };
		1CF0999E1FA9D4EC003B62FF /* Localizable.strings in Resources */ = {isa = PBXBuildFile; fileRef = 1CF099A01FA9D4EC003B62FF /* Localizable.strings */; };
/* End PBXBuildFile section */

/* Begin PBXFileReference section */
		1C1270711FA6FD3A00B8D281 /* Animation.h */ = {isa = PBXFileReference; lastKnownFileType = sourcecode.c.h; name = Animation.h; path = Utilities/Classes/Utility/Animation.h; sourceTree = SOURCE_ROOT; };
		1C1270721FA6FD3A00B8D281 /* Animation.m */ = {isa = PBXFileReference; lastKnownFileType = sourcecode.c.objc; name = Animation.m; path = Utilities/Classes/Utility/Animation.m; sourceTree = SOURCE_ROOT; };
		1C1593951FA6241C00E4771E /* RegistrationViewModel.h */ = {isa = PBXFileReference; fileEncoding = 4; lastKnownFileType = sourcecode.c.h; path = RegistrationViewModel.h; sourceTree = "<group>"; };
		1C1593961FA6241C00E4771E /* RegistrationViewModel.m */ = {isa = PBXFileReference; fileEncoding = 4; lastKnownFileType = sourcecode.c.objc; path = RegistrationViewModel.m; sourceTree = "<group>"; };
		1C1593981FA6261300E4771E /* IndexViewController.h */ = {isa = PBXFileReference; lastKnownFileType = sourcecode.c.h; path = IndexViewController.h; sourceTree = "<group>"; };
		1C1593991FA6261300E4771E /* IndexViewController.m */ = {isa = PBXFileReference; lastKnownFileType = sourcecode.c.objc; path = IndexViewController.m; sourceTree = "<group>"; };
		1C2BCC811FAB020E00FFBB38 /* Base */ = {isa = PBXFileReference; lastKnownFileType = text.plist.strings; name = Base; path = Base.lproj/InfoPlist.strings; sourceTree = "<group>"; };
		1C2BCC831FAB024700FFBB38 /* en */ = {isa = PBXFileReference; lastKnownFileType = text.plist.strings; name = en; path = en.lproj/InfoPlist.strings; sourceTree = "<group>"; };
		1C2BCC841FAB024E00FFBB38 /* ar */ = {isa = PBXFileReference; lastKnownFileType = text.plist.strings; name = ar; path = ar.lproj/InfoPlist.strings; sourceTree = "<group>"; };
		1C2BCC8C1FAB23AE00FFBB38 /* DataManager.h */ = {isa = PBXFileReference; lastKnownFileType = sourcecode.c.h; path = DataManager.h; sourceTree = "<group>"; };
		1C2BCC8D1FAB23AE00FFBB38 /* DataManager.m */ = {isa = PBXFileReference; lastKnownFileType = sourcecode.c.objc; path = DataManager.m; sourceTree = "<group>"; };
		1C2BCC921FAB2A7600FFBB38 /* LoginViewModel.h */ = {isa = PBXFileReference; lastKnownFileType = sourcecode.c.h; path = LoginViewModel.h; sourceTree = "<group>"; };
		1C2BCC931FAB2A7600FFBB38 /* LoginViewModel.m */ = {isa = PBXFileReference; lastKnownFileType = sourcecode.c.objc; path = LoginViewModel.m; sourceTree = "<group>"; };
		1CD8F9781FA350E900B96F8E /* AppDelegate.h */ = {isa = PBXFileReference; fileEncoding = 4; lastKnownFileType = sourcecode.c.h; path = AppDelegate.h; sourceTree = "<group>"; };
		1CD8F9791FA350E900B96F8E /* AppDelegate.m */ = {isa = PBXFileReference; fileEncoding = 4; lastKnownFileType = sourcecode.c.objc; path = AppDelegate.m; sourceTree = "<group>"; };
		1CD8F9831FA350F500B96F8E /* Assets.xcassets */ = {isa = PBXFileReference; lastKnownFileType = folder.assetcatalog; path = Assets.xcassets; sourceTree = "<group>"; };
		1CD8F9861FA350F500B96F8E /* Base */ = {isa = PBXFileReference; lastKnownFileType = file.storyboard; name = Base; path = Base.lproj/LaunchScreen.storyboard; sourceTree = "<group>"; };
		1CD8F9881FA350F500B96F8E /* Base */ = {isa = PBXFileReference; lastKnownFileType = file.storyboard; name = Base; path = Base.lproj/Main.storyboard; sourceTree = "<group>"; };
		1CD8F9901FA3617100B96F8E /* RegistrationStyle1ViewController.h */ = {isa = PBXFileReference; fileEncoding = 4; lastKnownFileType = sourcecode.c.h; path = RegistrationStyle1ViewController.h; sourceTree = "<group>"; };
		1CD8F9911FA3617100B96F8E /* RegistrationStyle1ViewController.m */ = {isa = PBXFileReference; fileEncoding = 4; lastKnownFileType = sourcecode.c.objc; path = RegistrationStyle1ViewController.m; sourceTree = "<group>"; };
		1CD8F9931FA361CE00B96F8E /* TextWithLabelCell.h */ = {isa = PBXFileReference; lastKnownFileType = sourcecode.c.h; path = TextWithLabelCell.h; sourceTree = "<group>"; };
		1CD8F9941FA361CE00B96F8E /* TextWithLabelCell.m */ = {isa = PBXFileReference; lastKnownFileType = sourcecode.c.objc; path = TextWithLabelCell.m; sourceTree = "<group>"; };
		1CD8F9971FA363D300B96F8E /* Custom.json */ = {isa = PBXFileReference; lastKnownFileType = text.json; path = Custom.json; sourceTree = "<group>"; };
		1CD8F9991FA5A64B00B96F8E /* RegistrationModel.h */ = {isa = PBXFileReference; lastKnownFileType = sourcecode.c.h; path = RegistrationModel.h; sourceTree = "<group>"; };
		1CD8F99A1FA5A64B00B96F8E /* RegistrationModel.m */ = {isa = PBXFileReference; lastKnownFileType = sourcecode.c.objc; path = RegistrationModel.m; sourceTree = "<group>"; };
		1CDD45F31FA0B12800D29679 /* Utilities.app */ = {isa = PBXFileReference; explicitFileType = wrapper.application; includeInIndex = 0; path = Utilities.app; sourceTree = BUILT_PRODUCTS_DIR; };
		1CDD46041FA0B12800D29679 /* Info.plist */ = {isa = PBXFileReference; lastKnownFileType = text.plist.xml; path = Info.plist; sourceTree = "<group>"; };
		1CDD46051FA0B12800D29679 /* main.m */ = {isa = PBXFileReference; lastKnownFileType = sourcecode.c.objc; path = main.m; sourceTree = "<group>"; };
		1CF099981FA9D11D003B62FF /* LoginViewController.h */ = {isa = PBXFileReference; lastKnownFileType = sourcecode.c.h; path = LoginViewController.h; sourceTree = "<group>"; };
		1CF099991FA9D11D003B62FF /* LoginViewController.m */ = {isa = PBXFileReference; lastKnownFileType = sourcecode.c.objc; path = LoginViewController.m; sourceTree = "<group>"; };
		1CF0999F1FA9D4EC003B62FF /* en */ = {isa = PBXFileReference; lastKnownFileType = text.plist.strings; name = en; path = en.lproj/Localizable.strings; sourceTree = "<group>"; };
		1CF099A11FA9D5DE003B62FF /* ar */ = {isa = PBXFileReference; lastKnownFileType = text.plist.strings; name = ar; path = ar.lproj/LaunchScreen.strings; sourceTree = "<group>"; };
		1CF099A21FA9D5DE003B62FF /* ar */ = {isa = PBXFileReference; lastKnownFileType = text.plist.strings; name = ar; path = ar.lproj/Main.strings; sourceTree = "<group>"; };
		1CF099A31FA9D5DF003B62FF /* ar */ = {isa = PBXFileReference; lastKnownFileType = text.plist.strings; name = ar; path = ar.lproj/Localizable.strings; sourceTree = "<group>"; };
		1CF099A41FA9D62C003B62FF /* Base */ = {isa = PBXFileReference; lastKnownFileType = text.plist.strings; name = Base; path = Base.lproj/Localizable.strings; sourceTree = "<group>"; };
/* End PBXFileReference section */

/* Begin PBXFrameworksBuildPhase section */
		1CDD45F01FA0B12800D29679 /* Frameworks */ = {
			isa = PBXFrameworksBuildPhase;
			buildActionMask = 2147483647;
			files = (
			);
			runOnlyForDeploymentPostprocessing = 0;
		};
/* End PBXFrameworksBuildPhase section */

/* Begin PBXGroup section */
		1C1270701FA6FCC000B8D281 /* Utility */ = {
			isa = PBXGroup;
			children = (
				1C1270711FA6FD3A00B8D281 /* Animation.h */,
				1C1270721FA6FD3A00B8D281 /* Animation.m */,
				1C2BCC8C1FAB23AE00FFBB38 /* DataManager.h */,
				1C2BCC8D1FAB23AE00FFBB38 /* DataManager.m */,
			);
			path = Utility;
			sourceTree = "<group>";
		};
		1CD8F9761FA350E900B96F8E /* Classes */ = {
			isa = PBXGroup;
			children = (
				1C1270701FA6FCC000B8D281 /* Utility */,
				1CD8F9771FA350E900B96F8E /* AppDelegate */,
				1CD8F97A1FA350E900B96F8E /* Model */,
				1CD8F97B1FA350E900B96F8E /* View */,
				1CD8F97E1FA350E900B96F8E /* ViewModel */,
			);
			path = Classes;
			sourceTree = "<group>";
		};
		1CD8F9771FA350E900B96F8E /* AppDelegate */ = {
			isa = PBXGroup;
			children = (
				1CD8F9781FA350E900B96F8E /* AppDelegate.h */,
				1CD8F9791FA350E900B96F8E /* AppDelegate.m */,
			);
			path = AppDelegate;
			sourceTree = "<group>";
		};
		1CD8F97A1FA350E900B96F8E /* Model */ = {
			isa = PBXGroup;
			children = (
				1CD8F9991FA5A64B00B96F8E /* RegistrationModel.h */,
				1CD8F99A1FA5A64B00B96F8E /* RegistrationModel.m */,
			);
			path = Model;
			sourceTree = "<group>";
		};
		1CD8F97B1FA350E900B96F8E /* View */ = {
			isa = PBXGroup;
			children = (
				1CD8F98F1FA3617100B96F8E /* ViewController */,
				1CD8F9931FA361CE00B96F8E /* TextWithLabelCell.h */,
				1CD8F9941FA361CE00B96F8E /* TextWithLabelCell.m */,
			);
			path = View;
			sourceTree = "<group>";
		};
		1CD8F97E1FA350E900B96F8E /* ViewModel */ = {
			isa = PBXGroup;
			children = (
				1C1593951FA6241C00E4771E /* RegistrationViewModel.h */,
				1C1593961FA6241C00E4771E /* RegistrationViewModel.m */,
				1C2BCC921FAB2A7600FFBB38 /* LoginViewModel.h */,
				1C2BCC931FAB2A7600FFBB38 /* LoginViewModel.m */,
			);
			path = ViewModel;
			sourceTree = "<group>";
		};
		1CD8F9811FA350F500B96F8E /* Resources */ = {
			isa = PBXGroup;
			children = (
				1CF0999B1FA9D455003B62FF /* Localization */,
				1CD8F9961FA363A900B96F8E /* Json */,
				1CD8F9821FA350F500B96F8E /* Images */,
				1CD8F9841FA350F500B96F8E /* Storyboard */,
			);
			path = Resources;
			sourceTree = "<group>";
		};
		1CD8F9821FA350F500B96F8E /* Images */ = {
			isa = PBXGroup;
			children = (
				1CD8F9831FA350F500B96F8E /* Assets.xcassets */,
			);
			path = Images;
			sourceTree = "<group>";
		};
		1CD8F9841FA350F500B96F8E /* Storyboard */ = {
			isa = PBXGroup;
			children = (
				1CD8F9851FA350F500B96F8E /* LaunchScreen.storyboard */,
				1CD8F9871FA350F500B96F8E /* Main.storyboard */,
			);
			path = Storyboard;
			sourceTree = "<group>";
		};
		1CD8F98F1FA3617100B96F8E /* ViewController */ = {
			isa = PBXGroup;
			children = (
				1CD8F9901FA3617100B96F8E /* RegistrationStyle1ViewController.h */,
				1CD8F9911FA3617100B96F8E /* RegistrationStyle1ViewController.m */,
				1C1593981FA6261300E4771E /* IndexViewController.h */,
				1C1593991FA6261300E4771E /* IndexViewController.m */,
				1CF099981FA9D11D003B62FF /* LoginViewController.h */,
				1CF099991FA9D11D003B62FF /* LoginViewController.m */,
			);
			path = ViewController;
			sourceTree = "<group>";
		};
		1CD8F9961FA363A900B96F8E /* Json */ = {
			isa = PBXGroup;
			children = (
				1CD8F9971FA363D300B96F8E /* Custom.json */,
			);
			path = Json;
			sourceTree = "<group>";
		};
		1CDD45EA1FA0B12800D29679 = {
			isa = PBXGroup;
			children = (
				1CDD45F51FA0B12800D29679 /* Utilities */,
				1CDD45F41FA0B12800D29679 /* Products */,
			);
			sourceTree = "<group>";
		};
		1CDD45F41FA0B12800D29679 /* Products */ = {
			isa = PBXGroup;
			children = (
				1CDD45F31FA0B12800D29679 /* Utilities.app */,
			);
			name = Products;
			sourceTree = "<group>";
		};
		1CDD45F51FA0B12800D29679 /* Utilities */ = {
			isa = PBXGroup;
			children = (
				1CD8F9761FA350E900B96F8E /* Classes */,
				1CD8F9811FA350F500B96F8E /* Resources */,
				1CDD46041FA0B12800D29679 /* Info.plist */,
				1CDD46051FA0B12800D29679 /* main.m */,
			);
			path = Utilities;
			sourceTree = "<group>";
		};
		1CF0999B1FA9D455003B62FF /* Localization */ = {
			isa = PBXGroup;
			children = (
				1C2BCC801FAB020E00FFBB38 /* InfoPlist.strings */,
				1CF099A01FA9D4EC003B62FF /* Localizable.strings */,
			);
			path = Localization;
			sourceTree = "<group>";
		};
/* End PBXGroup section */

/* Begin PBXNativeTarget section */
		1CDD45F21FA0B12800D29679 /* Utilities */ = {
			isa = PBXNativeTarget;
			buildConfigurationList = 1CDD46091FA0B12800D29679 /* Build configuration list for PBXNativeTarget "Utilities" */;
			buildPhases = (
				1CDD45EF1FA0B12800D29679 /* Sources */,
				1CDD45F01FA0B12800D29679 /* Frameworks */,
				1CDD45F11FA0B12800D29679 /* Resources */,
			);
			buildRules = (
			);
			dependencies = (
			);
			name = Utilities;
			productName = Utilities;
			productReference = 1CDD45F31FA0B12800D29679 /* Utilities.app */;
			productType = "com.apple.product-type.application";
		};
/* End PBXNativeTarget section */

/* Begin PBXProject section */
		1CDD45EB1FA0B12800D29679 /* Project object */ = {
			isa = PBXProject;
			attributes = {
				LastUpgradeCheck = 0900;
				ORGANIZATIONNAME = "Danish Khan";
				TargetAttributes = {
					1CDD45F21FA0B12800D29679 = {
						CreatedOnToolsVersion = 9.0;
						ProvisioningStyle = Manual;
					};
				};
			};
			buildConfigurationList = 1CDD45EE1FA0B12800D29679 /* Build configuration list for PBXProject "Utilities" */;
			compatibilityVersion = "Xcode 8.0";
			developmentRegion = en;
			hasScannedForEncodings = 0;
			knownRegions = (
				en,
				Base,
				ar,
			);
			mainGroup = 1CDD45EA1FA0B12800D29679;
			productRefGroup = 1CDD45F41FA0B12800D29679 /* Products */;
			projectDirPath = "";
			projectRoot = "";
			targets = (
				1CDD45F21FA0B12800D29679 /* Utilities */,
			);
		};
/* End PBXProject section */

/* Begin PBXResourcesBuildPhase section */
		1CDD45F11FA0B12800D29679 /* Resources */ = {
			isa = PBXResourcesBuildPhase;
			buildActionMask = 2147483647;
			files = (
				1CF0999E1FA9D4EC003B62FF /* Localizable.strings in Resources */,
				1C2BCC821FAB020E00FFBB38 /* InfoPlist.strings in Resources */,
				1CD8F9981FA363D300B96F8E /* Custom.json in Resources */,
				1CD8F98B1FA350F500B96F8E /* Main.storyboard in Resources */,
				1CD8F9891FA350F500B96F8E /* Assets.xcassets in Resources */,
				1CD8F98A1FA350F500B96F8E /* LaunchScreen.storyboard in Resources */,
			);
			runOnlyForDeploymentPostprocessing = 0;
		};
/* End PBXResourcesBuildPhase section */

/* Begin PBXSourcesBuildPhase section */
		1CDD45EF1FA0B12800D29679 /* Sources */ = {
			isa = PBXSourcesBuildPhase;
			buildActionMask = 2147483647;
			files = (
				1CD8F99B1FA5A64B00B96F8E /* RegistrationModel.m in Sources */,
				1C15939A1FA6261300E4771E /* IndexViewController.m in Sources */,
				1C2BCC941FAB2A7600FFBB38 /* LoginViewModel.m in Sources */,
				1CD8F97F1FA350E900B96F8E /* AppDelegate.m in Sources */,
				1C2BCC8E1FAB23AE00FFBB38 /* DataManager.m in Sources */,
				1C1593971FA6241C00E4771E /* RegistrationViewModel.m in Sources */,
				1CDD46061FA0B12800D29679 /* main.m in Sources */,
				1CF0999A1FA9D11D003B62FF /* LoginViewController.m in Sources */,
				1CD8F9921FA3617100B96F8E /* RegistrationStyle1ViewController.m in Sources */,
				1C1270731FA6FD3A00B8D281 /* Animation.m in Sources */,
				1CD8F9951FA361CE00B96F8E /* TextWithLabelCell.m in Sources */,
			);
			runOnlyForDeploymentPostprocessing = 0;
		};
/* End PBXSourcesBuildPhase section */

/* Begin PBXVariantGroup section */
		1C2BCC801FAB020E00FFBB38 /* InfoPlist.strings */ = {
			isa = PBXVariantGroup;
			children = (
				1C2BCC811FAB020E00FFBB38 /* Base */,
				1C2BCC831FAB024700FFBB38 /* en */,
				1C2BCC841FAB024E00FFBB38 /* ar */,
			);
			name = InfoPlist.strings;
			sourceTree = "<group>";
		};
		1CD8F9851FA350F500B96F8E /* LaunchScreen.storyboard */ = {
			isa = PBXVariantGroup;
			children = (
				1CD8F9861FA350F500B96F8E /* Base */,
				1CF099A11FA9D5DE003B62FF /* ar */,
			);
			name = LaunchScreen.storyboard;
			sourceTree = "<group>";
		};
		1CD8F9871FA350F500B96F8E /* Main.storyboard */ = {
			isa = PBXVariantGroup;
			children = (
				1CD8F9881FA350F500B96F8E /* Base */,
				1CF099A21FA9D5DE003B62FF /* ar */,
			);
			name = Main.storyboard;
			sourceTree = "<group>";
		};
		1CF099A01FA9D4EC003B62FF /* Localizable.strings */ = {
			isa = PBXVariantGroup;
			children = (
				1CF0999F1FA9D4EC003B62FF /* en */,
				1CF099A31FA9D5DF003B62FF /* ar */,
				1CF099A41FA9D62C003B62FF /* Base */,
			);
			name = Localizable.strings;
			sourceTree = "<group>";
		};
/* End PBXVariantGroup section */

/* Begin XCBuildConfiguration section */
		1CDD46071FA0B12800D29679 /* Debug */ = {
			isa = XCBuildConfiguration;
			buildSettings = {
				ALWAYS_SEARCH_USER_PATHS = NO;
				CLANG_ANALYZER_LOCALIZABILITY_NONLOCALIZED = YES;
				CLANG_ANALYZER_NONNULL = YES;
				CLANG_ANALYZER_NUMBER_OBJECT_CONVERSION = YES_AGGRESSIVE;
				CLANG_CXX_LANGUAGE_STANDARD = "gnu++14";
				CLANG_CXX_LIBRARY = "libc++";
				CLANG_ENABLE_MODULES = YES;
				CLANG_ENABLE_OBJC_ARC = YES;
				CLANG_WARN_BLOCK_CAPTURE_AUTORELEASING = YES;
				CLANG_WARN_BOOL_CONVERSION = YES;
				CLANG_WARN_COMMA = YES;
				CLANG_WARN_CONSTANT_CONVERSION = YES;
				CLANG_WARN_DIRECT_OBJC_ISA_USAGE = YES_ERROR;
				CLANG_WARN_DOCUMENTATION_COMMENTS = YES;
				CLANG_WARN_EMPTY_BODY = YES;
				CLANG_WARN_ENUM_CONVERSION = YES;
				CLANG_WARN_INFINITE_RECURSION = YES;
				CLANG_WARN_INT_CONVERSION = YES;
				CLANG_WARN_NON_LITERAL_NULL_CONVERSION = YES;
				CLANG_WARN_OBJC_LITERAL_CONVERSION = YES;
				CLANG_WARN_OBJC_ROOT_CLASS = YES_ERROR;
				CLANG_WARN_RANGE_LOOP_ANALYSIS = YES;
				CLANG_WARN_STRICT_PROTOTYPES = YES;
				CLANG_WARN_SUSPICIOUS_MOVE = YES;
				CLANG_WARN_UNGUARDED_AVAILABILITY = YES_AGGRESSIVE;
				CLANG_WARN_UNREACHABLE_CODE = YES;
				CLANG_WARN__DUPLICATE_METHOD_MATCH = YES;
				CODE_SIGN_IDENTITY = "iPhone Developer";
				COPY_PHASE_STRIP = NO;
				DEBUG_INFORMATION_FORMAT = dwarf;
				ENABLE_STRICT_OBJC_MSGSEND = YES;
				ENABLE_TESTABILITY = YES;
				GCC_C_LANGUAGE_STANDARD = gnu11;
				GCC_DYNAMIC_NO_PIC = NO;
				GCC_NO_COMMON_BLOCKS = YES;
				GCC_OPTIMIZATION_LEVEL = 0;
				GCC_PREPROCESSOR_DEFINITIONS = (
					"DEBUG=1",
					"$(inherited)",
				);
				GCC_WARN_64_TO_32_BIT_CONVERSION = YES;
				GCC_WARN_ABOUT_RETURN_TYPE = YES_ERROR;
				GCC_WARN_UNDECLARED_SELECTOR = YES;
				GCC_WARN_UNINITIALIZED_AUTOS = YES_AGGRESSIVE;
				GCC_WARN_UNUSED_FUNCTION = YES;
				GCC_WARN_UNUSED_VARIABLE = YES;
				IPHONEOS_DEPLOYMENT_TARGET = 11.0;
				MTL_ENABLE_DEBUG_INFO = YES;
				ONLY_ACTIVE_ARCH = YES;
				SDKROOT = iphoneos;
			};
			name = Debug;
		};
		1CDD46081FA0B12800D29679 /* Release */ = {
			isa = XCBuildConfiguration;
			buildSettings = {
				ALWAYS_SEARCH_USER_PATHS = NO;
				CLANG_ANALYZER_LOCALIZABILITY_NONLOCALIZED = YES;
				CLANG_ANALYZER_NONNULL = YES;
				CLANG_ANALYZER_NUMBER_OBJECT_CONVERSION = YES_AGGRESSIVE;
				CLANG_CXX_LANGUAGE_STANDARD = "gnu++14";
				CLANG_CXX_LIBRARY = "libc++";
				CLANG_ENABLE_MODULES = YES;
				CLANG_ENABLE_OBJC_ARC = YES;
				CLANG_WARN_BLOCK_CAPTURE_AUTORELEASING = YES;
				CLANG_WARN_BOOL_CONVERSION = YES;
				CLANG_WARN_COMMA = YES;
				CLANG_WARN_CONSTANT_CONVERSION = YES;
				CLANG_WARN_DIRECT_OBJC_ISA_USAGE = YES_ERROR;
				CLANG_WARN_DOCUMENTATION_COMMENTS = YES;
				CLANG_WARN_EMPTY_BODY = YES;
				CLANG_WARN_ENUM_CONVERSION = YES;
				CLANG_WARN_INFINITE_RECURSION = YES;
				CLANG_WARN_INT_CONVERSION = YES;
				CLANG_WARN_NON_LITERAL_NULL_CONVERSION = YES;
				CLANG_WARN_OBJC_LITERAL_CONVERSION = YES;
				CLANG_WARN_OBJC_ROOT_CLASS = YES_ERROR;
				CLANG_WARN_RANGE_LOOP_ANALYSIS = YES;
				CLANG_WARN_STRICT_PROTOTYPES = YES;
				CLANG_WARN_SUSPICIOUS_MOVE = YES;
				CLANG_WARN_UNGUARDED_AVAILABILITY = YES_AGGRESSIVE;
				CLANG_WARN_UNREACHABLE_CODE = YES;
				CLANG_WARN__DUPLICATE_METHOD_MATCH = YES;
				CODE_SIGN_IDENTITY = "iPhone Developer";
				COPY_PHASE_STRIP = NO;
				DEBUG_INFORMATION_FORMAT = "dwarf-with-dsym";
				ENABLE_NS_ASSERTIONS = NO;
				ENABLE_STRICT_OBJC_MSGSEND = YES;
				GCC_C_LANGUAGE_STANDARD = gnu11;
				GCC_NO_COMMON_BLOCKS = YES;
				GCC_WARN_64_TO_32_BIT_CONVERSION = YES;
				GCC_WARN_ABOUT_RETURN_TYPE = YES_ERROR;
				GCC_WARN_UNDECLARED_SELECTOR = YES;
				GCC_WARN_UNINITIALIZED_AUTOS = YES_AGGRESSIVE;
				GCC_WARN_UNUSED_FUNCTION = YES;
				GCC_WARN_UNUSED_VARIABLE = YES;
				IPHONEOS_DEPLOYMENT_TARGET = 11.0;
				MTL_ENABLE_DEBUG_INFO = NO;
				SDKROOT = iphoneos;
				VALIDATE_PRODUCT = YES;
			};
			name = Release;
		};
		1CDD460A1FA0B12800D29679 /* Debug */ = {
			isa = XCBuildConfiguration;
			buildSettings = {
				ASSETCATALOG_COMPILER_APPICON_NAME = AppIcon;
				CODE_SIGN_STYLE = Manual;
				DEVELOPMENT_TEAM = "";
				INFOPLIST_FILE = Utilities/Info.plist;
				LD_RUNPATH_SEARCH_PATHS = "$(inherited) @executable_path/Frameworks";
				PRODUCT_BUNDLE_IDENTIFIER = com.danish.Utilities;
				PRODUCT_NAME = "$(TARGET_NAME)";
				PROVISIONING_PROFILE_SPECIFIER = "";
				TARGETED_DEVICE_FAMILY = "1,2";
			};
			name = Debug;
		};
		1CDD460B1FA0B12800D29679 /* Release */ = {
			isa = XCBuildConfiguration;
			buildSettings = {
				ASSETCATALOG_COMPILER_APPICON_NAME = AppIcon;
				CODE_SIGN_STYLE = Manual;
				DEVELOPMENT_TEAM = "";
				INFOPLIST_FILE = Utilities/Info.plist;
				LD_RUNPATH_SEARCH_PATHS = "$(inherited) @executable_path/Frameworks";
				PRODUCT_BUNDLE_IDENTIFIER = com.danish.Utilities;
				PRODUCT_NAME = "$(TARGET_NAME)";
				PROVISIONING_PROFILE_SPECIFIER = "";
				TARGETED_DEVICE_FAMILY = "1,2";
			};
			name = Release;
		};
/* End XCBuildConfiguration section */

/* Begin XCConfigurationList section */
		1CDD45EE1FA0B12800D29679 /* Build configuration list for PBXProject "Utilities" */ = {
			isa = XCConfigurationList;
			buildConfigurations = (
				1CDD46071FA0B12800D29679 /* Debug */,
				1CDD46081FA0B12800D29679 /* Release */,
			);
			defaultConfigurationIsVisible = 0;
			defaultConfigurationName = Release;
		};
		1CDD46091FA0B12800D29679 /* Build configuration list for PBXNativeTarget "Utilities" */ = {
			isa = XCConfigurationList;
			buildConfigurations = (
				1CDD460A1FA0B12800D29679 /* Debug */,
				1CDD460B1FA0B12800D29679 /* Release */,
			);
			defaultConfigurationIsVisible = 0;
			defaultConfigurationName = Release;
		};
/* End XCConfigurationList section */
	};
	rootObject = 1CDD45EB1FA0B12800D29679 /* Project object */;
}
